
Microsoft Visual Studio Solution File, Format Version 12.00
# Visual Studio Version 17
VisualStudioVersion = 17.11.35222.181
MinimumVisualStudioVersion = 10.0.40219.1
Project("{FAE04EC0-301F-11D3-BF4B-00C04F79EFBC}") = "WebSocketGRPCDemo", "WebSocketGRPCDemo\WebSocketGRPCDemo.csproj", "{31384BA5-119B-4A2B-82A7-04C5C94B1CCE}"
EndProject
Global
	GlobalSection(SolutionConfigurationPlatforms) = preSolution
		Debug|Any CPU = Debug|Any CPU
		Release|Any CPU = Release|Any CPU
	EndGlobalSection
	GlobalSection(ProjectConfigurationPlatforms) = postSolution
		{31384BA5-119B-4A2B-82A7-04C5C94B1CCE}.Debug|Any CPU.ActiveCfg = Debug|Any CPU
		{31384BA5-119B-4A2B-82A7-04C5C94B1CCE}.Debug|Any CPU.Build.0 = Debug|Any CPU
		{31384BA5-119B-4A2B-82A7-04C5C94B1CCE}.Release|Any CPU.ActiveCfg = Release|Any CPU
		{31384BA5-119B-4A2B-82A7-04C5C94B1CCE}.Release|Any CPU.Build.0 = Release|Any CPU
	EndGlobalSection
	GlobalSection(SolutionProperties) = preSolution
		HideSolutionNode = FALSE
	EndGlobalSection
	GlobalSection(ExtensibilityGlobals) = postSolution
		SolutionGuid = {FFA75F3D-898D-4974-9A5A-0C26DD847487}
	EndGlobalSection
EndGlobal
