
Microsoft Visual Studio Solution File, Format Version 12.00
# Visual Studio Version 17
VisualStudioVersion = 17.9.34723.18
MinimumVisualStudioVersion = 10.0.40219.1
Project("{9A19103F-16F7-4668-BE54-9A1E7A4F7556}") = "Dictionary1", "Dictionary1\Dictionary1.csproj", "{DC972E64-499F-49A5-B7B9-CBAB3447F0F0}"
EndProject
Project("{9A19103F-16F7-4668-BE54-9A1E7A4F7556}") = "Dictionary2", "Dictionary2\Dictionary2.csproj", "{57E09CE9-AF8E-42E0-A497-EC9794343643}"
EndProject
Project("{9A19103F-16F7-4668-BE54-9A1E7A4F7556}") = "Dictionary3", "Dictionary3\Dictionary3.csproj", "{C160D275-93DF-4BCA-AA5E-7C8531A1D078}"
EndProject
Project("{9A19103F-16F7-4668-BE54-9A1E7A4F7556}") = "Dictionary4", "Dictionary4\Dictionary4.csproj", "{91D728A4-FBAB-41F5-84A3-D15B2825C54E}"
EndProject
Project("{9A19103F-16F7-4668-BE54-9A1E7A4F7556}") = "Dictionary5", "Dictionary5\Dictionary5.csproj", "{2596FD58-0A0F-496B-8FF7-4AB5C468D317}"
EndProject
Project("{9A19103F-16F7-4668-BE54-9A1E7A4F7556}") = "Dictionary6", "Dictionary6\Dictionary6.csproj", "{A5F67065-4AA6-41DC-A9FB-9ED4AFB58221}"
EndProject
Project("{9A19103F-16F7-4668-BE54-9A1E7A4F7556}") = "Dictionary7", "Dictionary7\Dictionary7.csproj", "{6382165E-DDE6-4D76-9F5E-B1C6782A2903}"
EndProject
Project("{9A19103F-16F7-4668-BE54-9A1E7A4F7556}") = "Dictionary8", "Dictionary8\Dictionary8.csproj", "{308A55E5-93CF-408C-A8F5-997DDEC72E0E}"
EndProject
Project("{9A19103F-16F7-4668-BE54-9A1E7A4F7556}") = "Dictionary9", "Dictionary9\Dictionary9.csproj", "{7888FA7F-6FF9-4949-9213-8236494C8929}"
EndProject
Project("{9A19103F-16F7-4668-BE54-9A1E7A4F7556}") = "Dictionary10", "Dictionary10\Dictionary10.csproj", "{9BD1D52C-F781-4FC8-B348-2760ACCBB184}"
EndProject
Project("{9A19103F-16F7-4668-BE54-9A1E7A4F7556}") = "Dictionary11", "Dictionary11\Dictionary11.csproj", "{0D294396-E952-41FD-A739-FC67E20B0239}"
EndProject
Project("{9A19103F-16F7-4668-BE54-9A1E7A4F7556}") = "Dictionary12", "Dictionary12\Dictionary12.csproj", "{58A7606E-F4D5-4815-8396-51AD3599E96B}"
EndProject
Project("{FAE04EC0-301F-11D3-BF4B-00C04F79EFBC}") = "Dictionary13", "Dictionary13\Dictionary13.csproj", "{DD01758F-D701-48ED-8108-D509B9682E64}"
EndProject
Project("{FAE04EC0-301F-11D3-BF4B-00C04F79EFBC}") = "Dictionary14", "Dictionary14\Dictionary14.csproj", "{D1DE26F3-4646-4CF5-A666-6171409652AB}"
EndProject
Project("{FAE04EC0-301F-11D3-BF4B-00C04F79EFBC}") = "Dictionary15", "Dictionary15\Dictionary15.csproj", "{007E10C8-B2B6-45F7-A5EE-BDEE842E58D7}"
EndProject
Project("{FAE04EC0-301F-11D3-BF4B-00C04F79EFBC}") = "Dictionary16", "Dictionary16\Dictionary16.csproj", "{F238D93F-7C79-4B7A-8CEB-70A389CEDB52}"
EndProject
Project("{FAE04EC0-301F-11D3-BF4B-00C04F79EFBC}") = "Dictionary17", "Dictionary17\Dictionary17.csproj", "{198D07C0-CCF9-458A-8142-ECE358DD44B3}"
EndProject
Project("{FAE04EC0-301F-11D3-BF4B-00C04F79EFBC}") = "Dictionary18", "Dictionary18\Dictionary18.csproj", "{D9A2453F-57D9-4B30-96EC-08E1DE675B4B}"
EndProject
Global
	GlobalSection(SolutionConfigurationPlatforms) = preSolution
		Debug|Any CPU = Debug|Any CPU
		Release|Any CPU = Release|Any CPU
	EndGlobalSection
	GlobalSection(ProjectConfigurationPlatforms) = postSolution
		{DC972E64-499F-49A5-B7B9-CBAB3447F0F0}.Debug|Any CPU.ActiveCfg = Debug|Any CPU
		{DC972E64-499F-49A5-B7B9-CBAB3447F0F0}.Debug|Any CPU.Build.0 = Debug|Any CPU
		{DC972E64-499F-49A5-B7B9-CBAB3447F0F0}.Release|Any CPU.ActiveCfg = Release|Any CPU
		{DC972E64-499F-49A5-B7B9-CBAB3447F0F0}.Release|Any CPU.Build.0 = Release|Any CPU
		{57E09CE9-AF8E-42E0-A497-EC9794343643}.Debug|Any CPU.ActiveCfg = Debug|Any CPU
		{57E09CE9-AF8E-42E0-A497-EC9794343643}.Debug|Any CPU.Build.0 = Debug|Any CPU
		{57E09CE9-AF8E-42E0-A497-EC9794343643}.Release|Any CPU.ActiveCfg = Release|Any CPU
		{57E09CE9-AF8E-42E0-A497-EC9794343643}.Release|Any CPU.Build.0 = Release|Any CPU
		{C160D275-93DF-4BCA-AA5E-7C8531A1D078}.Debug|Any CPU.ActiveCfg = Debug|Any CPU
		{C160D275-93DF-4BCA-AA5E-7C8531A1D078}.Debug|Any CPU.Build.0 = Debug|Any CPU
		{C160D275-93DF-4BCA-AA5E-7C8531A1D078}.Release|Any CPU.ActiveCfg = Release|Any CPU
		{C160D275-93DF-4BCA-AA5E-7C8531A1D078}.Release|Any CPU.Build.0 = Release|Any CPU
		{91D728A4-FBAB-41F5-84A3-D15B2825C54E}.Debug|Any CPU.ActiveCfg = Debug|Any CPU
		{91D728A4-FBAB-41F5-84A3-D15B2825C54E}.Debug|Any CPU.Build.0 = Debug|Any CPU
		{91D728A4-FBAB-41F5-84A3-D15B2825C54E}.Release|Any CPU.ActiveCfg = Release|Any CPU
		{91D728A4-FBAB-41F5-84A3-D15B2825C54E}.Release|Any CPU.Build.0 = Release|Any CPU
		{2596FD58-0A0F-496B-8FF7-4AB5C468D317}.Debug|Any CPU.ActiveCfg = Debug|Any CPU
		{2596FD58-0A0F-496B-8FF7-4AB5C468D317}.Debug|Any CPU.Build.0 = Debug|Any CPU
		{2596FD58-0A0F-496B-8FF7-4AB5C468D317}.Release|Any CPU.ActiveCfg = Release|Any CPU
		{2596FD58-0A0F-496B-8FF7-4AB5C468D317}.Release|Any CPU.Build.0 = Release|Any CPU
		{A5F67065-4AA6-41DC-A9FB-9ED4AFB58221}.Debug|Any CPU.ActiveCfg = Debug|Any CPU
		{A5F67065-4AA6-41DC-A9FB-9ED4AFB58221}.Debug|Any CPU.Build.0 = Debug|Any CPU
		{A5F67065-4AA6-41DC-A9FB-9ED4AFB58221}.Release|Any CPU.ActiveCfg = Release|Any CPU
		{A5F67065-4AA6-41DC-A9FB-9ED4AFB58221}.Release|Any CPU.Build.0 = Release|Any CPU
		{6382165E-DDE6-4D76-9F5E-B1C6782A2903}.Debug|Any CPU.ActiveCfg = Debug|Any CPU
		{6382165E-DDE6-4D76-9F5E-B1C6782A2903}.Debug|Any CPU.Build.0 = Debug|Any CPU
		{6382165E-DDE6-4D76-9F5E-B1C6782A2903}.Release|Any CPU.ActiveCfg = Release|Any CPU
		{6382165E-DDE6-4D76-9F5E-B1C6782A2903}.Release|Any CPU.Build.0 = Release|Any CPU
		{308A55E5-93CF-408C-A8F5-997DDEC72E0E}.Debug|Any CPU.ActiveCfg = Debug|Any CPU
		{308A55E5-93CF-408C-A8F5-997DDEC72E0E}.Debug|Any CPU.Build.0 = Debug|Any CPU
		{308A55E5-93CF-408C-A8F5-997DDEC72E0E}.Release|Any CPU.ActiveCfg = Release|Any CPU
		{308A55E5-93CF-408C-A8F5-997DDEC72E0E}.Release|Any CPU.Build.0 = Release|Any CPU
		{7888FA7F-6FF9-4949-9213-8236494C8929}.Debug|Any CPU.ActiveCfg = Debug|Any CPU
		{7888FA7F-6FF9-4949-9213-8236494C8929}.Debug|Any CPU.Build.0 = Debug|Any CPU
		{7888FA7F-6FF9-4949-9213-8236494C8929}.Release|Any CPU.ActiveCfg = Release|Any CPU
		{7888FA7F-6FF9-4949-9213-8236494C8929}.Release|Any CPU.Build.0 = Release|Any CPU
		{9BD1D52C-F781-4FC8-B348-2760ACCBB184}.Debug|Any CPU.ActiveCfg = Debug|Any CPU
		{9BD1D52C-F781-4FC8-B348-2760ACCBB184}.Debug|Any CPU.Build.0 = Debug|Any CPU
		{9BD1D52C-F781-4FC8-B348-2760ACCBB184}.Release|Any CPU.ActiveCfg = Release|Any CPU
		{9BD1D52C-F781-4FC8-B348-2760ACCBB184}.Release|Any CPU.Build.0 = Release|Any CPU
		{0D294396-E952-41FD-A739-FC67E20B0239}.Debug|Any CPU.ActiveCfg = Debug|Any CPU
		{0D294396-E952-41FD-A739-FC67E20B0239}.Debug|Any CPU.Build.0 = Debug|Any CPU
		{0D294396-E952-41FD-A739-FC67E20B0239}.Release|Any CPU.ActiveCfg = Release|Any CPU
		{0D294396-E952-41FD-A739-FC67E20B0239}.Release|Any CPU.Build.0 = Release|Any CPU
		{58A7606E-F4D5-4815-8396-51AD3599E96B}.Debug|Any CPU.ActiveCfg = Debug|Any CPU
		{58A7606E-F4D5-4815-8396-51AD3599E96B}.Debug|Any CPU.Build.0 = Debug|Any CPU
		{58A7606E-F4D5-4815-8396-51AD3599E96B}.Release|Any CPU.ActiveCfg = Release|Any CPU
		{58A7606E-F4D5-4815-8396-51AD3599E96B}.Release|Any CPU.Build.0 = Release|Any CPU
		{DD01758F-D701-48ED-8108-D509B9682E64}.Debug|Any CPU.ActiveCfg = Debug|Any CPU
		{DD01758F-D701-48ED-8108-D509B9682E64}.Debug|Any CPU.Build.0 = Debug|Any CPU
		{DD01758F-D701-48ED-8108-D509B9682E64}.Release|Any CPU.ActiveCfg = Release|Any CPU
		{DD01758F-D701-48ED-8108-D509B9682E64}.Release|Any CPU.Build.0 = Release|Any CPU
		{D1DE26F3-4646-4CF5-A666-6171409652AB}.Debug|Any CPU.ActiveCfg = Debug|Any CPU
		{D1DE26F3-4646-4CF5-A666-6171409652AB}.Debug|Any CPU.Build.0 = Debug|Any CPU
		{D1DE26F3-4646-4CF5-A666-6171409652AB}.Release|Any CPU.ActiveCfg = Release|Any CPU
		{D1DE26F3-4646-4CF5-A666-6171409652AB}.Release|Any CPU.Build.0 = Release|Any CPU
		{007E10C8-B2B6-45F7-A5EE-BDEE842E58D7}.Debug|Any CPU.ActiveCfg = Debug|Any CPU
		{007E10C8-B2B6-45F7-A5EE-BDEE842E58D7}.Debug|Any CPU.Build.0 = Debug|Any CPU
		{007E10C8-B2B6-45F7-A5EE-BDEE842E58D7}.Release|Any CPU.ActiveCfg = Release|Any CPU
		{007E10C8-B2B6-45F7-A5EE-BDEE842E58D7}.Release|Any CPU.Build.0 = Release|Any CPU
		{F238D93F-7C79-4B7A-8CEB-70A389CEDB52}.Debug|Any CPU.ActiveCfg = Debug|Any CPU
		{F238D93F-7C79-4B7A-8CEB-70A389CEDB52}.Debug|Any CPU.Build.0 = Debug|Any CPU
		{F238D93F-7C79-4B7A-8CEB-70A389CEDB52}.Release|Any CPU.ActiveCfg = Release|Any CPU
		{F238D93F-7C79-4B7A-8CEB-70A389CEDB52}.Release|Any CPU.Build.0 = Release|Any CPU
		{198D07C0-CCF9-458A-8142-ECE358DD44B3}.Debug|Any CPU.ActiveCfg = Debug|Any CPU
		{198D07C0-CCF9-458A-8142-ECE358DD44B3}.Debug|Any CPU.Build.0 = Debug|Any CPU
		{198D07C0-CCF9-458A-8142-ECE358DD44B3}.Release|Any CPU.ActiveCfg = Release|Any CPU
		{198D07C0-CCF9-458A-8142-ECE358DD44B3}.Release|Any CPU.Build.0 = Release|Any CPU
		{D9A2453F-57D9-4B30-96EC-08E1DE675B4B}.Debug|Any CPU.ActiveCfg = Debug|Any CPU
		{D9A2453F-57D9-4B30-96EC-08E1DE675B4B}.Debug|Any CPU.Build.0 = Debug|Any CPU
		{D9A2453F-57D9-4B30-96EC-08E1DE675B4B}.Release|Any CPU.ActiveCfg = Release|Any CPU
		{D9A2453F-57D9-4B30-96EC-08E1DE675B4B}.Release|Any CPU.Build.0 = Release|Any CPU
	EndGlobalSection
	GlobalSection(SolutionProperties) = preSolution
		HideSolutionNode = FALSE
	EndGlobalSection
	GlobalSection(ExtensibilityGlobals) = postSolution
		SolutionGuid = {B2C9221A-3509-46FF-BBA5-A9AF5C4ADA1F}
	EndGlobalSection
EndGlobal
