
Microsoft Visual Studio Solution File, Format Version 12.00
# Visual Studio Version 17
VisualStudioVersion = 17.11.35222.181
MinimumVisualStudioVersion = 10.0.40219.1
Project("{FAE04EC0-301F-11D3-BF4B-00C04F79EFBC}") = "JWT_OAuth_Demo", "JWT_OAuth_Demo\JWT_OAuth_Demo.csproj", "{9F767FAA-A8BE-456E-94E8-EDCB0A0A2E26}"
EndProject
Global
	GlobalSection(SolutionConfigurationPlatforms) = preSolution
		Debug|Any CPU = Debug|Any CPU
		Release|Any CPU = Release|Any CPU
	EndGlobalSection
	GlobalSection(ProjectConfigurationPlatforms) = postSolution
		{9F767FAA-A8BE-456E-94E8-EDCB0A0A2E26}.Debug|Any CPU.ActiveCfg = Debug|Any CPU
		{9F767FAA-A8BE-456E-94E8-EDCB0A0A2E26}.Debug|Any CPU.Build.0 = Debug|Any CPU
		{9F767FAA-A8BE-456E-94E8-EDCB0A0A2E26}.Release|Any CPU.ActiveCfg = Release|Any CPU
		{9F767FAA-A8BE-456E-94E8-EDCB0A0A2E26}.Release|Any CPU.Build.0 = Release|Any CPU
	EndGlobalSection
	GlobalSection(SolutionProperties) = preSolution
		HideSolutionNode = FALSE
	EndGlobalSection
	GlobalSection(ExtensibilityGlobals) = postSolution
		SolutionGuid = {561327A9-0909-4700-9D9E-71A71D43C0F6}
	EndGlobalSection
EndGlobal
