
Microsoft Visual Studio Solution File, Format Version 12.00
# Visual Studio Version 17
VisualStudioVersion = 17.9.34723.18
MinimumVisualStudioVersion = 10.0.40219.1
Project("{FAE04EC0-301F-11D3-BF4B-00C04F79EFBC}") = "JWTAuth-WebAPI", "JWTAuth-WebAPI.csproj", "{9924B266-27D6-48DC-A375-CE66042DDD9C}"
EndProject
Global
	GlobalSection(SolutionConfigurationPlatforms) = preSolution
		Debug|Any CPU = Debug|Any CPU
		Release|Any CPU = Release|Any CPU
	EndGlobalSection
	GlobalSection(ProjectConfigurationPlatforms) = postSolution
		{9924B266-27D6-48DC-A375-CE66042DDD9C}.Debug|Any CPU.ActiveCfg = Debug|Any CPU
		{9924B266-27D6-48DC-A375-CE66042DDD9C}.Debug|Any CPU.Build.0 = Debug|Any CPU
		{9924B266-27D6-48DC-A375-CE66042DDD9C}.Release|Any CPU.ActiveCfg = Release|Any CPU
		{9924B266-27D6-48DC-A375-CE66042DDD9C}.Release|Any CPU.Build.0 = Release|Any CPU
	EndGlobalSection
	GlobalSection(SolutionProperties) = preSolution
		HideSolutionNode = FALSE
	EndGlobalSection
	GlobalSection(ExtensibilityGlobals) = postSolution
		SolutionGuid = {B1DA32A3-33A1-4FA0-B101-1D50E4FAEF91}
	EndGlobalSection
EndGlobal
