
Microsoft Visual Studio Solution File, Format Version 12.00
# Visual Studio Version 17
VisualStudioVersion = 17.9.34723.18
MinimumVisualStudioVersion = 10.0.40219.1
Project("{FAE04EC0-301F-11D3-BF4B-00C04F79EFBC}") = "NETCORE_MVC", "NETCORE_MVC.csproj", "{1598C227-64FF-4869-BA1E-AC8FF0CB2150}"
EndProject
Global
	GlobalSection(SolutionConfigurationPlatforms) = preSolution
		Debug|Any CPU = Debug|Any CPU
		Release|Any CPU = Release|Any CPU
	EndGlobalSection
	GlobalSection(ProjectConfigurationPlatforms) = postSolution
		{1598C227-64FF-4869-BA1E-AC8FF0CB2150}.Debug|Any CPU.ActiveCfg = Debug|Any CPU
		{1598C227-64FF-4869-BA1E-AC8FF0CB2150}.Debug|Any CPU.Build.0 = Debug|Any CPU
		{1598C227-64FF-4869-BA1E-AC8FF0CB2150}.Release|Any CPU.ActiveCfg = Release|Any CPU
		{1598C227-64FF-4869-BA1E-AC8FF0CB2150}.Release|Any CPU.Build.0 = Release|Any CPU
	EndGlobalSection
	GlobalSection(SolutionProperties) = preSolution
		HideSolutionNode = FALSE
	EndGlobalSection
	GlobalSection(ExtensibilityGlobals) = postSolution
		SolutionGuid = {D14D69C4-3169-484C-893A-9E49D297F953}
	EndGlobalSection
EndGlobal
